// !$*UTF8*$!
{
	archiveVersion = 1;
	classes = {
	};
	objectVersion = 46;
	objects = {

/* Begin PBXBuildFile section */
		18150FE91C8926D2005C9A21 /* dsk6713_aic23.c in Sources */ = {isa = PBXBuildFile; fileRef = 18150FE81C8926D2005C9A21 /* dsk6713_aic23.c */; };
		18150FF61C897B8D005C9A21 /* main.c in Sources */ = {isa = PBXBuildFile; fileRef = 18150FF51C897B8D005C9A21 /* main.c */; };
		18150FFA1C89809C005C9A21 /* dsk6713_aic23.c in Sources */ = {isa = PBXBuildFile; fileRef = 18150FE81C8926D2005C9A21 /* dsk6713_aic23.c */; };
/* End PBXBuildFile section */

/* Begin PBXCopyFilesBuildPhase section */
		18150FF11C897B8D005C9A21 /* CopyFiles */ = {
			isa = PBXCopyFilesBuildPhase;
			buildActionMask = 2147483647;
			dstPath = /usr/share/man/man1/;
			dstSubfolderSpec = 0;
			files = (
			);
			runOnlyForDeploymentPostprocessing = 1;
		};
		18D82E791C892468005522A3 /* CopyFiles */ = {
			isa = PBXCopyFilesBuildPhase;
			buildActionMask = 2147483647;
			dstPath = /usr/share/man/man1/;
			dstSubfolderSpec = 0;
			files = (
			);
			runOnlyForDeploymentPostprocessing = 1;
		};
/* End PBXCopyFilesBuildPhase section */

/* Begin PBXFileReference section */
		18150FE81C8926D2005C9A21 /* dsk6713_aic23.c */ = {isa = PBXFileReference; fileEncoding = 4; lastKnownFileType = sourcecode.c.c; path = dsk6713_aic23.c; sourceTree = "<group>"; };
		18150FEB1C892701005C9A21 /* dsk6713_aic23.h */ = {isa = PBXFileReference; fileEncoding = 4; lastKnownFileType = sourcecode.c.h; path = dsk6713_aic23.h; sourceTree = "<group>"; };
		18150FF31C897B8D005C9A21 /* lab4_simulation */ = {isa = PBXFileReference; explicitFileType = "compiled.mach-o.executable"; includeInIndex = 0; path = lab4_simulation; sourceTree = BUILT_PRODUCTS_DIR; };
		18150FF51C897B8D005C9A21 /* main.c */ = {isa = PBXFileReference; lastKnownFileType = sourcecode.c.c; path = main.c; sourceTree = "<group>"; };
		181510021C906AA1005C9A21 /* user1_test_8k.txt */ = {isa = PBXFileReference; fileEncoding = 4; lastKnownFileType = text; path = user1_test_8k.txt; sourceTree = "<group>"; };
		181510031C906B03005C9A21 /* user1_train_8k.txt */ = {isa = PBXFileReference; fileEncoding = 4; lastKnownFileType = text; path = user1_train_8k.txt; sourceTree = "<group>"; };
		18D82E7B1C892469005522A3 /* lab_4_simulation */ = {isa = PBXFileReference; explicitFileType = "compiled.mach-o.executable"; includeInIndex = 0; path = lab_4_simulation; sourceTree = BUILT_PRODUCTS_DIR; };
/* End PBXFileReference section */

/* Begin PBXFrameworksBuildPhase section */
		18150FF01C897B8D005C9A21 /* Frameworks */ = {
			isa = PBXFrameworksBuildPhase;
			buildActionMask = 2147483647;
			files = (
			);
			runOnlyForDeploymentPostprocessing = 0;
		};
		18D82E781C892468005522A3 /* Frameworks */ = {
			isa = PBXFrameworksBuildPhase;
			buildActionMask = 2147483647;
			files = (
			);
			runOnlyForDeploymentPostprocessing = 0;
		};
/* End PBXFrameworksBuildPhase section */

/* Begin PBXGroup section */
		18150FF41C897B8D005C9A21 /* lab4_simulation */ = {
			isa = PBXGroup;
			children = (
				181510031C906B03005C9A21 /* user1_train_8k.txt */,
				181510021C906AA1005C9A21 /* user1_test_8k.txt */,
				18150FF51C897B8D005C9A21 /* main.c */,
				18150FEB1C892701005C9A21 /* dsk6713_aic23.h */,
				18150FE81C8926D2005C9A21 /* dsk6713_aic23.c */,
			);
			path = lab4_simulation;
			sourceTree = "<group>";
		};
		18D82E721C892468005522A3 = {
			isa = PBXGroup;
			children = (
				18150FF41C897B8D005C9A21 /* lab4_simulation */,
				18D82E7C1C892469005522A3 /* Products */,
			);
			sourceTree = "<group>";
		};
		18D82E7C1C892469005522A3 /* Products */ = {
			isa = PBXGroup;
			children = (
				18D82E7B1C892469005522A3 /* lab_4_simulation */,
				18150FF31C897B8D005C9A21 /* lab4_simulation */,
			);
			name = Products;
			sourceTree = "<group>";
		};
/* End PBXGroup section */

/* Begin PBXNativeTarget section */
		18150FF21C897B8D005C9A21 /* lab4_simulation */ = {
			isa = PBXNativeTarget;
			buildConfigurationList = 18150FF71C897B8D005C9A21 /* Build configuration list for PBXNativeTarget "lab4_simulation" */;
			buildPhases = (
				18150FEF1C897B8D005C9A21 /* Sources */,
				18150FF01C897B8D005C9A21 /* Frameworks */,
				18150FF11C897B8D005C9A21 /* CopyFiles */,
			);
			buildRules = (
			);
			dependencies = (
			);
			name = lab4_simulation;
			productName = lab4_simulation;
			productReference = 18150FF31C897B8D005C9A21 /* lab4_simulation */;
			productType = "com.apple.product-type.tool";
		};
		18D82E7A1C892468005522A3 /* lab_4_simulation */ = {
			isa = PBXNativeTarget;
			buildConfigurationList = 18D82E821C892469005522A3 /* Build configuration list for PBXNativeTarget "lab_4_simulation" */;
			buildPhases = (
				18D82E771C892468005522A3 /* Sources */,
				18D82E781C892468005522A3 /* Frameworks */,
				18D82E791C892468005522A3 /* CopyFiles */,
			);
			buildRules = (
			);
			dependencies = (
			);
			name = lab_4_simulation;
			productName = lab_4_simulation;
			productReference = 18D82E7B1C892469005522A3 /* lab_4_simulation */;
			productType = "com.apple.product-type.tool";
		};
/* End PBXNativeTarget section */

/* Begin PBXProject section */
		18D82E731C892468005522A3 /* Project object */ = {
			isa = PBXProject;
			attributes = {
				LastUpgradeCheck = 0720;
				ORGANIZATIONNAME = "Jeffrey Thompson";
				TargetAttributes = {
					18150FF21C897B8D005C9A21 = {
						CreatedOnToolsVersion = 7.2.1;
					};
					18D82E7A1C892468005522A3 = {
						CreatedOnToolsVersion = 7.2.1;
					};
				};
			};
			buildConfigurationList = 18D82E761C892468005522A3 /* Build configuration list for PBXProject "lab4_simulation" */;
			compatibilityVersion = "Xcode 3.2";
			developmentRegion = English;
			hasScannedForEncodings = 0;
			knownRegions = (
				en,
			);
			mainGroup = 18D82E721C892468005522A3;
			productRefGroup = 18D82E7C1C892469005522A3 /* Products */;
			projectDirPath = "";
			projectRoot = "";
			targets = (
				18D82E7A1C892468005522A3 /* lab_4_simulation */,
				18150FF21C897B8D005C9A21 /* lab4_simulation */,
			);
		};
/* End PBXProject section */

/* Begin PBXSourcesBuildPhase section */
		18150FEF1C897B8D005C9A21 /* Sources */ = {
			isa = PBXSourcesBuildPhase;
			buildActionMask = 2147483647;
			files = (
				18150FFA1C89809C005C9A21 /* dsk6713_aic23.c in Sources */,
				18150FF61C897B8D005C9A21 /* main.c in Sources */,
			);
			runOnlyForDeploymentPostprocessing = 0;
		};
		18D82E771C892468005522A3 /* Sources */ = {
			isa = PBXSourcesBuildPhase;
			buildActionMask = 2147483647;
			files = (
				18150FE91C8926D2005C9A21 /* dsk6713_aic23.c in Sources */,
			);
			runOnlyForDeploymentPostprocessing = 0;
		};
/* End PBXSourcesBuildPhase section */

/* Begin XCBuildConfiguration section */
		18150FF81C897B8D005C9A21 /* Debug */ = {
			isa = XCBuildConfiguration;
			buildSettings = {
				PRODUCT_NAME = "$(TARGET_NAME)";
			};
			name = Debug;
		};
		18150FF91C897B8D005C9A21 /* Release */ = {
			isa = XCBuildConfiguration;
			buildSettings = {
				PRODUCT_NAME = "$(TARGET_NAME)";
			};
			name = Release;
		};
		18D82E801C892469005522A3 /* Debug */ = {
			isa = XCBuildConfiguration;
			buildSettings = {
				ALWAYS_SEARCH_USER_PATHS = NO;
				CLANG_CXX_LANGUAGE_STANDARD = "gnu++0x";
				CLANG_CXX_LIBRARY = "libc++";
				CLANG_ENABLE_MODULES = YES;
				CLANG_ENABLE_OBJC_ARC = YES;
				CLANG_WARN_BOOL_CONVERSION = YES;
				CLANG_WARN_CONSTANT_CONVERSION = YES;
				CLANG_WARN_DIRECT_OBJC_ISA_USAGE = YES_ERROR;
				CLANG_WARN_EMPTY_BODY = YES;
				CLANG_WARN_ENUM_CONVERSION = YES;
				CLANG_WARN_INT_CONVERSION = YES;
				CLANG_WARN_OBJC_ROOT_CLASS = YES_ERROR;
				CLANG_WARN_UNREACHABLE_CODE = YES;
				CLANG_WARN__DUPLICATE_METHOD_MATCH = YES;
				CODE_SIGN_IDENTITY = "-";
				COPY_PHASE_STRIP = NO;
				DEBUG_INFORMATION_FORMAT = dwarf;
				ENABLE_STRICT_OBJC_MSGSEND = YES;
				ENABLE_TESTABILITY = YES;
				GCC_C_LANGUAGE_STANDARD = gnu99;
				GCC_DYNAMIC_NO_PIC = NO;
				GCC_NO_COMMON_BLOCKS = YES;
				GCC_OPTIMIZATION_LEVEL = 0;
				GCC_PREPROCESSOR_DEFINITIONS = (
					"DEBUG=1",
					"$(inherited)",
				);
				GCC_WARN_64_TO_32_BIT_CONVERSION = YES;
				GCC_WARN_ABOUT_RETURN_TYPE = YES_ERROR;
				GCC_WARN_UNDECLARED_SELECTOR = YES;
				GCC_WARN_UNINITIALIZED_AUTOS = YES_AGGRESSIVE;
				GCC_WARN_UNUSED_FUNCTION = YES;
				GCC_WARN_UNUSED_VARIABLE = YES;
				MACOSX_DEPLOYMENT_TARGET = 10.10;
				MTL_ENABLE_DEBUG_INFO = YES;
				ONLY_ACTIVE_ARCH = YES;
				SDKROOT = macosx;
			};
			name = Debug;
		};
		18D82E811C892469005522A3 /* Release */ = {
			isa = XCBuildConfiguration;
			buildSettings = {
				ALWAYS_SEARCH_USER_PATHS = NO;
				CLANG_CXX_LANGUAGE_STANDARD = "gnu++0x";
				CLANG_CXX_LIBRARY = "libc++";
				CLANG_ENABLE_MODULES = YES;
				CLANG_ENABLE_OBJC_ARC = YES;
				CLANG_WARN_BOOL_CONVERSION = YES;
				CLANG_WARN_CONSTANT_CONVERSION = YES;
				CLANG_WARN_DIRECT_OBJC_ISA_USAGE = YES_ERROR;
				CLANG_WARN_EMPTY_BODY = YES;
				CLANG_WARN_ENUM_CONVERSION = YES;
				CLANG_WARN_INT_CONVERSION = YES;
				CLANG_WARN_OBJC_ROOT_CLASS = YES_ERROR;
				CLANG_WARN_UNREACHABLE_CODE = YES;
				CLANG_WARN__DUPLICATE_METHOD_MATCH = YES;
				CODE_SIGN_IDENTITY = "-";
				COPY_PHASE_STRIP = NO;
				DEBUG_INFORMATION_FORMAT = "dwarf-with-dsym";
				ENABLE_NS_ASSERTIONS = NO;
				ENABLE_STRICT_OBJC_MSGSEND = YES;
				GCC_C_LANGUAGE_STANDARD = gnu99;
				GCC_NO_COMMON_BLOCKS = YES;
				GCC_WARN_64_TO_32_BIT_CONVERSION = YES;
				GCC_WARN_ABOUT_RETURN_TYPE = YES_ERROR;
				GCC_WARN_UNDECLARED_SELECTOR = YES;
				GCC_WARN_UNINITIALIZED_AUTOS = YES_AGGRESSIVE;
				GCC_WARN_UNUSED_FUNCTION = YES;
				GCC_WARN_UNUSED_VARIABLE = YES;
				MACOSX_DEPLOYMENT_TARGET = 10.10;
				MTL_ENABLE_DEBUG_INFO = NO;
				SDKROOT = macosx;
			};
			name = Release;
		};
		18D82E831C892469005522A3 /* Debug */ = {
			isa = XCBuildConfiguration;
			buildSettings = {
				PRODUCT_NAME = "$(TARGET_NAME)";
			};
			name = Debug;
		};
		18D82E841C892469005522A3 /* Release */ = {
			isa = XCBuildConfiguration;
			buildSettings = {
				PRODUCT_NAME = "$(TARGET_NAME)";
			};
			name = Release;
		};
/* End XCBuildConfiguration section */

/* Begin XCConfigurationList section */
		18150FF71C897B8D005C9A21 /* Build configuration list for PBXNativeTarget "lab4_simulation" */ = {
			isa = XCConfigurationList;
			buildConfigurations = (
				18150FF81C897B8D005C9A21 /* Debug */,
				18150FF91C897B8D005C9A21 /* Release */,
			);
			defaultConfigurationIsVisible = 0;
		};
		18D82E761C892468005522A3 /* Build configuration list for PBXProject "lab4_simulation" */ = {
			isa = XCConfigurationList;
			buildConfigurations = (
				18D82E801C892469005522A3 /* Debug */,
				18D82E811C892469005522A3 /* Release */,
			);
			defaultConfigurationIsVisible = 0;
			defaultConfigurationName = Release;
		};
		18D82E821C892469005522A3 /* Build configuration list for PBXNativeTarget "lab_4_simulation" */ = {
			isa = XCConfigurationList;
			buildConfigurations = (
				18D82E831C892469005522A3 /* Debug */,
				18D82E841C892469005522A3 /* Release */,
			);
			defaultConfigurationIsVisible = 0;
			defaultConfigurationName = Release;
		};
/* End XCConfigurationList section */
	};
	rootObject = 18D82E731C892468005522A3 /* Project object */;
}
